
Microsoft Visual Studio Solution File, Format Version 12.00
# Visual Studio 15
VisualStudioVersion = 15.0.28307.539
MinimumVisualStudioVersion = 10.0.40219.1
Project("{FAE04EC0-301F-11D3-BF4B-00C04F79EFBC}") = "SHES", "SHES\SHES.csproj", "{15484ABE-1D32-4AF3-966C-EC303FD00383}"
EndProject
Project("{FAE04EC0-301F-11D3-BF4B-00C04F79EFBC}") = "Komponente", "Komponente\Komponente.csproj", "{F0183BFF-D0BB-43EC-A327-575CE515D883}"
EndProject
Project("{FAE04EC0-301F-11D3-BF4B-00C04F79EFBC}") = "SnagaSunca", "SnagaSunca\SnagaSunca.csproj", "{33B828F8-6115-4473-9E34-A992ED27487C}"
EndProject
Global
	GlobalSection(SolutionConfigurationPlatforms) = preSolution
		Debug|Any CPU = Debug|Any CPU
		Release|Any CPU = Release|Any CPU
	EndGlobalSection
	GlobalSection(ProjectConfigurationPlatforms) = postSolution
		{15484ABE-1D32-4AF3-966C-EC303FD00383}.Debug|Any CPU.ActiveCfg = Debug|Any CPU
		{15484ABE-1D32-4AF3-966C-EC303FD00383}.Debug|Any CPU.Build.0 = Debug|Any CPU
		{15484ABE-1D32-4AF3-966C-EC303FD00383}.Release|Any CPU.ActiveCfg = Release|Any CPU
		{15484ABE-1D32-4AF3-966C-EC303FD00383}.Release|Any CPU.Build.0 = Release|Any CPU
		{F0183BFF-D0BB-43EC-A327-575CE515D883}.Debug|Any CPU.ActiveCfg = Debug|Any CPU
		{F0183BFF-D0BB-43EC-A327-575CE515D883}.Debug|Any CPU.Build.0 = Debug|Any CPU
		{F0183BFF-D0BB-43EC-A327-575CE515D883}.Release|Any CPU.ActiveCfg = Release|Any CPU
		{F0183BFF-D0BB-43EC-A327-575CE515D883}.Release|Any CPU.Build.0 = Release|Any CPU
		{33B828F8-6115-4473-9E34-A992ED27487C}.Debug|Any CPU.ActiveCfg = Debug|Any CPU
		{33B828F8-6115-4473-9E34-A992ED27487C}.Debug|Any CPU.Build.0 = Debug|Any CPU
		{33B828F8-6115-4473-9E34-A992ED27487C}.Release|Any CPU.ActiveCfg = Release|Any CPU
		{33B828F8-6115-4473-9E34-A992ED27487C}.Release|Any CPU.Build.0 = Release|Any CPU
	EndGlobalSection
	GlobalSection(SolutionProperties) = preSolution
		HideSolutionNode = FALSE
	EndGlobalSection
	GlobalSection(ExtensibilityGlobals) = postSolution
		SolutionGuid = {F2B0BB6A-966D-4FDE-8B03-4CB9CDA5D914}
	EndGlobalSection
EndGlobal
